// !$*UTF8*$!
{
	archiveVersion = 1;
	classes = {
	};
	objectVersion = 50;
	objects = {

/* Begin PBXBuildFile section */
		10F0714C20B10A4AC6D5ABE7 /* libPods-Play Time.a in Frameworks */ = {isa = PBXBuildFile; fileRef = 58EC22279EE55E902D901655 /* libPods-Play Time.a */; };
		B601506F23F9CE7600ECB4E2 /* MusicTasteViewController.swift in Sources */ = {isa = PBXBuildFile; fileRef = B601506E23F9CE7600ECB4E2 /* MusicTasteViewController.swift */; };
		B602D7E223FBF5FC006AD3C3 /* TableViewCell.swift in Sources */ = {isa = PBXBuildFile; fileRef = B602D7E123FBF5FC006AD3C3 /* TableViewCell.swift */; };
		B602D7E623FBF8CF006AD3C3 /* TaskListViewController.swift in Sources */ = {isa = PBXBuildFile; fileRef = B602D7E523FBF8CF006AD3C3 /* TaskListViewController.swift */; };
		B60C6E91241556AD0052F41B /* AccountManagementMock.swift in Sources */ = {isa = PBXBuildFile; fileRef = B60C6E90241556AD0052F41B /* AccountManagementMock.swift */; };
		B60C6E93241609BC0052F41B /* PlayMusicTest.swift in Sources */ = {isa = PBXBuildFile; fileRef = B60C6E92241609BC0052F41B /* PlayMusicTest.swift */; };
		B60C6E9524160AE90052F41B /* TimerTest.swift in Sources */ = {isa = PBXBuildFile; fileRef = B60C6E9424160AE90052F41B /* TimerTest.swift */; };
		B610A0F323FBD14E00A50268 /* CurrentTaskViewController.swift in Sources */ = {isa = PBXBuildFile; fileRef = B610A0F223FBD14E00A50268 /* CurrentTaskViewController.swift */; };
		B613C88E242B259300F4FE60 /* SignUpView.swift in Sources */ = {isa = PBXBuildFile; fileRef = B613C88D242B259300F4FE60 /* SignUpView.swift */; };
		B6376DC923E97DE50033C48D /* AppDelegate.swift in Sources */ = {isa = PBXBuildFile; fileRef = B6376DC823E97DE50033C48D /* AppDelegate.swift */; };
		B6376DCB23E97DE50033C48D /* SceneDelegate.swift in Sources */ = {isa = PBXBuildFile; fileRef = B6376DCA23E97DE50033C48D /* SceneDelegate.swift */; };
		B6376DCD23E97DE50033C48D /* ViewController.swift in Sources */ = {isa = PBXBuildFile; fileRef = B6376DCC23E97DE50033C48D /* ViewController.swift */; };
		B6376DD023E97DE50033C48D /* Main.storyboard in Resources */ = {isa = PBXBuildFile; fileRef = B6376DCE23E97DE50033C48D /* Main.storyboard */; };
		B6376DD223E97DE50033C48D /* Assets.xcassets in Resources */ = {isa = PBXBuildFile; fileRef = B6376DD123E97DE50033C48D /* Assets.xcassets */; };
		B6376DD523E97DE50033C48D /* LaunchScreen.storyboard in Resources */ = {isa = PBXBuildFile; fileRef = B6376DD323E97DE50033C48D /* LaunchScreen.storyboard */; };
		B6376DE023E97DE60033C48D /* ValidationTest.swift in Sources */ = {isa = PBXBuildFile; fileRef = B6376DDF23E97DE60033C48D /* ValidationTest.swift */; };
		B65BBA062414D50D0052AD6F /* TasteSelectionTest.swift in Sources */ = {isa = PBXBuildFile; fileRef = B65BBA052414D50D0052AD6F /* TasteSelectionTest.swift */; };
		B65F20AF2421FC600079A07E /* TaskUnitTest.swift in Sources */ = {isa = PBXBuildFile; fileRef = B65F20AE2421FC600079A07E /* TaskUnitTest.swift */; };
		B662BC192427C750001DAB07 /* UIViewExtension.swift in Sources */ = {isa = PBXBuildFile; fileRef = B662BC182427C750001DAB07 /* UIViewExtension.swift */; };
		B662BC1B2427CF26001DAB07 /* UIImageViewExtension.swift in Sources */ = {isa = PBXBuildFile; fileRef = B662BC1A2427CF26001DAB07 /* UIImageViewExtension.swift */; };
		B664DA0323EAE6BA0064D455 /* UITextFieldExtension.swift in Sources */ = {isa = PBXBuildFile; fileRef = B664DA0223EAE6BA0064D455 /* UITextFieldExtension.swift */; };
		B66866D22420A3EB004A7E99 /* CurrentTaskScreenUITest.swift in Sources */ = {isa = PBXBuildFile; fileRef = B66866D12420A3EB004A7E99 /* CurrentTaskScreenUITest.swift */; };
		B66866D42420D876004A7E99 /* MusicTasteScreenUITest.swift in Sources */ = {isa = PBXBuildFile; fileRef = B66866D32420D876004A7E99 /* MusicTasteScreenUITest.swift */; };
		B672CEAD241EA0E300955BF6 /* PlayTimeUITests.swift in Sources */ = {isa = PBXBuildFile; fileRef = B672CEAC241EA0E300955BF6 /* PlayTimeUITests.swift */; };
		B672CEB6241F44F400955BF6 /* ToDoScreenUITest.swift in Sources */ = {isa = PBXBuildFile; fileRef = B672CEB5241F44F400955BF6 /* ToDoScreenUITest.swift */; };
		B681C8CC24110CC000324034 /* AccountManagement.swift in Sources */ = {isa = PBXBuildFile; fileRef = B681C8CA24110CC000324034 /* AccountManagement.swift */; };
		B68913932430F801009FB23D /* AddTaskView.swift in Sources */ = {isa = PBXBuildFile; fileRef = B68913922430F801009FB23D /* AddTaskView.swift */; };
		B69E839F23FF975300E7A6D6 /* MediaPlayer.framework in Frameworks */ = {isa = PBXBuildFile; fileRef = B69E839E23FF975300E7A6D6 /* MediaPlayer.framework */; };
		B6A0260323F4179800678393 /* ToDoViewController.swift in Sources */ = {isa = PBXBuildFile; fileRef = B6A0260223F4179800678393 /* ToDoViewController.swift */; };
		B6AA86A5242A176000B03788 /* LoginView.swift in Sources */ = {isa = PBXBuildFile; fileRef = B6AA86A4242A176000B03788 /* LoginView.swift */; };
		B6AA86A7242A253A00B03788 /* KeyBoardExtension.swift in Sources */ = {isa = PBXBuildFile; fileRef = B6AA86A6242A253A00B03788 /* KeyBoardExtension.swift */; };
		B6C9554A23EA87700096213B /* UIButtonExtension.swift in Sources */ = {isa = PBXBuildFile; fileRef = B6C9554923EA87700096213B /* UIButtonExtension.swift */; };
		B6C9555023EAA2B20096213B /* SignViewController.swift in Sources */ = {isa = PBXBuildFile; fileRef = B6C9554F23EAA2B20096213B /* SignViewController.swift */; };
		B6E9A7842407D103002C6A9D /* GoogleService-Info.plist in Resources */ = {isa = PBXBuildFile; fileRef = B6E9A7832407D103002C6A9D /* GoogleService-Info.plist */; };
		C7A9406898F6CE0692B3A054 /* libPods-Play TimeTests.a in Frameworks */ = {isa = PBXBuildFile; fileRef = 6A5CDCAA377F5CF0AFC6133E /* libPods-Play TimeTests.a */; };
/* End PBXBuildFile section */

/* Begin PBXContainerItemProxy section */
		B6376DDC23E97DE60033C48D /* PBXContainerItemProxy */ = {
			isa = PBXContainerItemProxy;
			containerPortal = B6376DBD23E97DE50033C48D /* Project object */;
			proxyType = 1;
			remoteGlobalIDString = B6376DC423E97DE50033C48D;
			remoteInfo = "Play Time";
		};
		B672CEAF241EA0E300955BF6 /* PBXContainerItemProxy */ = {
			isa = PBXContainerItemProxy;
			containerPortal = B6376DBD23E97DE50033C48D /* Project object */;
			proxyType = 1;
			remoteGlobalIDString = B6376DC423E97DE50033C48D;
			remoteInfo = "Play Time";
		};
/* End PBXContainerItemProxy section */

/* Begin PBXFileReference section */
		46336A59F201E6984DDD26C1 /* Pods-Play Time.release.xcconfig */ = {isa = PBXFileReference; includeInIndex = 1; lastKnownFileType = text.xcconfig; name = "Pods-Play Time.release.xcconfig"; path = "Target Support Files/Pods-Play Time/Pods-Play Time.release.xcconfig"; sourceTree = "<group>"; };
		58EC22279EE55E902D901655 /* libPods-Play Time.a */ = {isa = PBXFileReference; explicitFileType = archive.ar; includeInIndex = 0; path = "libPods-Play Time.a"; sourceTree = BUILT_PRODUCTS_DIR; };
		6A5CDCAA377F5CF0AFC6133E /* libPods-Play TimeTests.a */ = {isa = PBXFileReference; explicitFileType = archive.ar; includeInIndex = 0; path = "libPods-Play TimeTests.a"; sourceTree = BUILT_PRODUCTS_DIR; };
		789FC8C72ECD963F64C2EE32 /* Pods-Play Time.debug.xcconfig */ = {isa = PBXFileReference; includeInIndex = 1; lastKnownFileType = text.xcconfig; name = "Pods-Play Time.debug.xcconfig"; path = "Target Support Files/Pods-Play Time/Pods-Play Time.debug.xcconfig"; sourceTree = "<group>"; };
		7B3FAD244DC6C582D673F3FB /* Pods-Play TimeTests.release.xcconfig */ = {isa = PBXFileReference; includeInIndex = 1; lastKnownFileType = text.xcconfig; name = "Pods-Play TimeTests.release.xcconfig"; path = "Target Support Files/Pods-Play TimeTests/Pods-Play TimeTests.release.xcconfig"; sourceTree = "<group>"; };
		B601506E23F9CE7600ECB4E2 /* MusicTasteViewController.swift */ = {isa = PBXFileReference; lastKnownFileType = sourcecode.swift; path = MusicTasteViewController.swift; sourceTree = "<group>"; };
		B602D7E123FBF5FC006AD3C3 /* TableViewCell.swift */ = {isa = PBXFileReference; lastKnownFileType = sourcecode.swift; path = TableViewCell.swift; sourceTree = "<group>"; };
		B602D7E523FBF8CF006AD3C3 /* TaskListViewController.swift */ = {isa = PBXFileReference; lastKnownFileType = sourcecode.swift; path = TaskListViewController.swift; sourceTree = "<group>"; };
		B60C6E90241556AD0052F41B /* AccountManagementMock.swift */ = {isa = PBXFileReference; lastKnownFileType = sourcecode.swift; path = AccountManagementMock.swift; sourceTree = "<group>"; };
		B60C6E92241609BC0052F41B /* PlayMusicTest.swift */ = {isa = PBXFileReference; lastKnownFileType = sourcecode.swift; path = PlayMusicTest.swift; sourceTree = "<group>"; };
		B60C6E9424160AE90052F41B /* TimerTest.swift */ = {isa = PBXFileReference; lastKnownFileType = sourcecode.swift; path = TimerTest.swift; sourceTree = "<group>"; };
		B610A0F223FBD14E00A50268 /* CurrentTaskViewController.swift */ = {isa = PBXFileReference; lastKnownFileType = sourcecode.swift; path = CurrentTaskViewController.swift; sourceTree = "<group>"; };
		B613C88D242B259300F4FE60 /* SignUpView.swift */ = {isa = PBXFileReference; lastKnownFileType = sourcecode.swift; path = SignUpView.swift; sourceTree = "<group>"; };
		B6376DC523E97DE50033C48D /* Play Time.app */ = {isa = PBXFileReference; explicitFileType = wrapper.application; includeInIndex = 0; path = "Play Time.app"; sourceTree = BUILT_PRODUCTS_DIR; };
		B6376DC823E97DE50033C48D /* AppDelegate.swift */ = {isa = PBXFileReference; lastKnownFileType = sourcecode.swift; path = AppDelegate.swift; sourceTree = "<group>"; };
		B6376DCA23E97DE50033C48D /* SceneDelegate.swift */ = {isa = PBXFileReference; lastKnownFileType = sourcecode.swift; path = SceneDelegate.swift; sourceTree = "<group>"; };
		B6376DCC23E97DE50033C48D /* ViewController.swift */ = {isa = PBXFileReference; lastKnownFileType = sourcecode.swift; path = ViewController.swift; sourceTree = "<group>"; };
		B6376DCF23E97DE50033C48D /* Base */ = {isa = PBXFileReference; lastKnownFileType = file.storyboard; name = Base; path = Base.lproj/Main.storyboard; sourceTree = "<group>"; };
		B6376DD123E97DE50033C48D /* Assets.xcassets */ = {isa = PBXFileReference; lastKnownFileType = folder.assetcatalog; path = Assets.xcassets; sourceTree = "<group>"; };
		B6376DD423E97DE50033C48D /* Base */ = {isa = PBXFileReference; lastKnownFileType = file.storyboard; name = Base; path = Base.lproj/LaunchScreen.storyboard; sourceTree = "<group>"; };
		B6376DD623E97DE50033C48D /* Info.plist */ = {isa = PBXFileReference; lastKnownFileType = text.plist.xml; path = Info.plist; sourceTree = "<group>"; };
		B6376DDB23E97DE60033C48D /* Play TimeTests.xctest */ = {isa = PBXFileReference; explicitFileType = wrapper.cfbundle; includeInIndex = 0; path = "Play TimeTests.xctest"; sourceTree = BUILT_PRODUCTS_DIR; };
		B6376DDF23E97DE60033C48D /* ValidationTest.swift */ = {isa = PBXFileReference; lastKnownFileType = sourcecode.swift; path = ValidationTest.swift; sourceTree = "<group>"; };
		B6376DE123E97DE60033C48D /* Info.plist */ = {isa = PBXFileReference; lastKnownFileType = text.plist.xml; path = Info.plist; sourceTree = "<group>"; };
		B65BBA052414D50D0052AD6F /* TasteSelectionTest.swift */ = {isa = PBXFileReference; lastKnownFileType = sourcecode.swift; path = TasteSelectionTest.swift; sourceTree = "<group>"; };
		B65F20AE2421FC600079A07E /* TaskUnitTest.swift */ = {isa = PBXFileReference; lastKnownFileType = sourcecode.swift; path = TaskUnitTest.swift; sourceTree = "<group>"; };
		B662BC182427C750001DAB07 /* UIViewExtension.swift */ = {isa = PBXFileReference; lastKnownFileType = sourcecode.swift; path = UIViewExtension.swift; sourceTree = "<group>"; };
		B662BC1A2427CF26001DAB07 /* UIImageViewExtension.swift */ = {isa = PBXFileReference; lastKnownFileType = sourcecode.swift; path = UIImageViewExtension.swift; sourceTree = "<group>"; };
		B664DA0223EAE6BA0064D455 /* UITextFieldExtension.swift */ = {isa = PBXFileReference; lastKnownFileType = sourcecode.swift; path = UITextFieldExtension.swift; sourceTree = "<group>"; };
		B66866D12420A3EB004A7E99 /* CurrentTaskScreenUITest.swift */ = {isa = PBXFileReference; lastKnownFileType = sourcecode.swift; path = CurrentTaskScreenUITest.swift; sourceTree = "<group>"; };
		B66866D32420D876004A7E99 /* MusicTasteScreenUITest.swift */ = {isa = PBXFileReference; lastKnownFileType = sourcecode.swift; path = MusicTasteScreenUITest.swift; sourceTree = "<group>"; };
		B672CEAA241EA0E300955BF6 /* PlayTimeUITests.xctest */ = {isa = PBXFileReference; explicitFileType = wrapper.cfbundle; includeInIndex = 0; path = PlayTimeUITests.xctest; sourceTree = BUILT_PRODUCTS_DIR; };
		B672CEAC241EA0E300955BF6 /* PlayTimeUITests.swift */ = {isa = PBXFileReference; lastKnownFileType = sourcecode.swift; path = PlayTimeUITests.swift; sourceTree = "<group>"; };
		B672CEAE241EA0E300955BF6 /* Info.plist */ = {isa = PBXFileReference; lastKnownFileType = text.plist.xml; path = Info.plist; sourceTree = "<group>"; };
		B672CEB5241F44F400955BF6 /* ToDoScreenUITest.swift */ = {isa = PBXFileReference; lastKnownFileType = sourcecode.swift; path = ToDoScreenUITest.swift; sourceTree = "<group>"; };
		B681C8CA24110CC000324034 /* AccountManagement.swift */ = {isa = PBXFileReference; lastKnownFileType = sourcecode.swift; path = AccountManagement.swift; sourceTree = "<group>"; };
		B68913922430F801009FB23D /* AddTaskView.swift */ = {isa = PBXFileReference; lastKnownFileType = sourcecode.swift; path = AddTaskView.swift; sourceTree = "<group>"; };
		B69E839E23FF975300E7A6D6 /* MediaPlayer.framework */ = {isa = PBXFileReference; lastKnownFileType = wrapper.framework; name = MediaPlayer.framework; path = System/Library/Frameworks/MediaPlayer.framework; sourceTree = SDKROOT; };
		B6A0260223F4179800678393 /* ToDoViewController.swift */ = {isa = PBXFileReference; lastKnownFileType = sourcecode.swift; path = ToDoViewController.swift; sourceTree = "<group>"; };
		B6AA86A4242A176000B03788 /* LoginView.swift */ = {isa = PBXFileReference; lastKnownFileType = sourcecode.swift; path = LoginView.swift; sourceTree = "<group>"; };
		B6AA86A6242A253A00B03788 /* KeyBoardExtension.swift */ = {isa = PBXFileReference; lastKnownFileType = sourcecode.swift; path = KeyBoardExtension.swift; sourceTree = "<group>"; };
		B6C9554923EA87700096213B /* UIButtonExtension.swift */ = {isa = PBXFileReference; lastKnownFileType = sourcecode.swift; path = UIButtonExtension.swift; sourceTree = "<group>"; };
		B6C9554F23EAA2B20096213B /* SignViewController.swift */ = {isa = PBXFileReference; lastKnownFileType = sourcecode.swift; path = SignViewController.swift; sourceTree = "<group>"; };
		B6E9A7832407D103002C6A9D /* GoogleService-Info.plist */ = {isa = PBXFileReference; fileEncoding = 4; lastKnownFileType = text.plist.xml; path = "GoogleService-Info.plist"; sourceTree = "<group>"; };
		D776A3E5DB862B0DBEA6C720 /* Pods-Play TimeTests.debug.xcconfig */ = {isa = PBXFileReference; includeInIndex = 1; lastKnownFileType = text.xcconfig; name = "Pods-Play TimeTests.debug.xcconfig"; path = "Target Support Files/Pods-Play TimeTests/Pods-Play TimeTests.debug.xcconfig"; sourceTree = "<group>"; };
/* End PBXFileReference section */

/* Begin PBXFrameworksBuildPhase section */
		B6376DC223E97DE50033C48D /* Frameworks */ = {
			isa = PBXFrameworksBuildPhase;
			buildActionMask = 2147483647;
			files = (
				B69E839F23FF975300E7A6D6 /* MediaPlayer.framework in Frameworks */,
				10F0714C20B10A4AC6D5ABE7 /* libPods-Play Time.a in Frameworks */,
			);
			runOnlyForDeploymentPostprocessing = 0;
		};
		B6376DD823E97DE60033C48D /* Frameworks */ = {
			isa = PBXFrameworksBuildPhase;
			buildActionMask = 2147483647;
			files = (
				C7A9406898F6CE0692B3A054 /* libPods-Play TimeTests.a in Frameworks */,
			);
			runOnlyForDeploymentPostprocessing = 0;
		};
		B672CEA7241EA0E300955BF6 /* Frameworks */ = {
			isa = PBXFrameworksBuildPhase;
			buildActionMask = 2147483647;
			files = (
			);
			runOnlyForDeploymentPostprocessing = 0;
		};
/* End PBXFrameworksBuildPhase section */

/* Begin PBXGroup section */
		23D6DC6CF290B717DF602985 /* Pods */ = {
			isa = PBXGroup;
			children = (
				789FC8C72ECD963F64C2EE32 /* Pods-Play Time.debug.xcconfig */,
				46336A59F201E6984DDD26C1 /* Pods-Play Time.release.xcconfig */,
				D776A3E5DB862B0DBEA6C720 /* Pods-Play TimeTests.debug.xcconfig */,
				7B3FAD244DC6C582D673F3FB /* Pods-Play TimeTests.release.xcconfig */,
			);
			path = Pods;
			sourceTree = "<group>";
		};
		44E2892701964C56CD810FAF /* Frameworks */ = {
			isa = PBXGroup;
			children = (
				B69E839E23FF975300E7A6D6 /* MediaPlayer.framework */,
				58EC22279EE55E902D901655 /* libPods-Play Time.a */,
				6A5CDCAA377F5CF0AFC6133E /* libPods-Play TimeTests.a */,
			);
			name = Frameworks;
			sourceTree = "<group>";
		};
		B6376DBC23E97DE50033C48D = {
			isa = PBXGroup;
			children = (
				B6376DC723E97DE50033C48D /* Play Time */,
				B6376DDE23E97DE60033C48D /* Play TimeTests */,
				B672CEAB241EA0E300955BF6 /* PlayTimeUITests */,
				B6376DC623E97DE50033C48D /* Products */,
				23D6DC6CF290B717DF602985 /* Pods */,
				44E2892701964C56CD810FAF /* Frameworks */,
			);
			sourceTree = "<group>";
		};
		B6376DC623E97DE50033C48D /* Products */ = {
			isa = PBXGroup;
			children = (
				B6376DC523E97DE50033C48D /* Play Time.app */,
				B6376DDB23E97DE60033C48D /* Play TimeTests.xctest */,
				B672CEAA241EA0E300955BF6 /* PlayTimeUITests.xctest */,
			);
			name = Products;
			sourceTree = "<group>";
		};
		B6376DC723E97DE50033C48D /* Play Time */ = {
			isa = PBXGroup;
			children = (
				B6F37DD6240537C500D2B5FB /* Extensions */,
				B6F37DD52405377600D2B5FB /* Views */,
				B6376DC823E97DE50033C48D /* AppDelegate.swift */,
				B6E9A7832407D103002C6A9D /* GoogleService-Info.plist */,
				B6376DCA23E97DE50033C48D /* SceneDelegate.swift */,
				B6376DD123E97DE50033C48D /* Assets.xcassets */,
				B6376DD623E97DE50033C48D /* Info.plist */,
			);
			path = "Play Time";
			sourceTree = "<group>";
		};
		B6376DDE23E97DE60033C48D /* Play TimeTests */ = {
			isa = PBXGroup;
			children = (
				B6376DDF23E97DE60033C48D /* ValidationTest.swift */,
				B6376DE123E97DE60033C48D /* Info.plist */,
				B681C8CA24110CC000324034 /* AccountManagement.swift */,
				B65BBA052414D50D0052AD6F /* TasteSelectionTest.swift */,
				B60C6E90241556AD0052F41B /* AccountManagementMock.swift */,
				B60C6E92241609BC0052F41B /* PlayMusicTest.swift */,
				B60C6E9424160AE90052F41B /* TimerTest.swift */,
				B65F20AE2421FC600079A07E /* TaskUnitTest.swift */,
			);
			path = "Play TimeTests";
			sourceTree = "<group>";
		};
		B672CEAB241EA0E300955BF6 /* PlayTimeUITests */ = {
			isa = PBXGroup;
			children = (
				B672CEAC241EA0E300955BF6 /* PlayTimeUITests.swift */,
				B672CEAE241EA0E300955BF6 /* Info.plist */,
				B672CEB5241F44F400955BF6 /* ToDoScreenUITest.swift */,
				B66866D12420A3EB004A7E99 /* CurrentTaskScreenUITest.swift */,
				B66866D32420D876004A7E99 /* MusicTasteScreenUITest.swift */,
			);
			path = PlayTimeUITests;
			sourceTree = "<group>";
		};
		B6F37DD52405377600D2B5FB /* Views */ = {
			isa = PBXGroup;
			children = (
				B602D7E123FBF5FC006AD3C3 /* TableViewCell.swift */,
				B6376DCC23E97DE50033C48D /* ViewController.swift */,
				B6C9554F23EAA2B20096213B /* SignViewController.swift */,
				B6A0260223F4179800678393 /* ToDoViewController.swift */,
				B601506E23F9CE7600ECB4E2 /* MusicTasteViewController.swift */,
				B610A0F223FBD14E00A50268 /* CurrentTaskViewController.swift */,
				B602D7E523FBF8CF006AD3C3 /* TaskListViewController.swift */,
				B6376DCE23E97DE50033C48D /* Main.storyboard */,
				B6376DD323E97DE50033C48D /* LaunchScreen.storyboard */,
				B6AA86A4242A176000B03788 /* LoginView.swift */,
				B613C88D242B259300F4FE60 /* SignUpView.swift */,
				B68913922430F801009FB23D /* AddTaskView.swift */,
			);
			path = Views;
			sourceTree = "<group>";
		};
		B6F37DD6240537C500D2B5FB /* Extensions */ = {
			isa = PBXGroup;
			children = (
				B6C9554923EA87700096213B /* UIButtonExtension.swift */,
				B664DA0223EAE6BA0064D455 /* UITextFieldExtension.swift */,
				B662BC182427C750001DAB07 /* UIViewExtension.swift */,
				B662BC1A2427CF26001DAB07 /* UIImageViewExtension.swift */,
				B6AA86A6242A253A00B03788 /* KeyBoardExtension.swift */,
			);
			path = Extensions;
			sourceTree = "<group>";
		};
/* End PBXGroup section */

/* Begin PBXNativeTarget section */
		B6376DC423E97DE50033C48D /* Play Time */ = {
			isa = PBXNativeTarget;
			buildConfigurationList = B6376DE423E97DE60033C48D /* Build configuration list for PBXNativeTarget "Play Time" */;
			buildPhases = (
				BBFBE4CC4D259CF8ECD644B0 /* [CP] Check Pods Manifest.lock */,
				B6376DC123E97DE50033C48D /* Sources */,
				B6376DC223E97DE50033C48D /* Frameworks */,
				B6376DC323E97DE50033C48D /* Resources */,
				B676DBA123F3D9DC00493E2E /* ShellScript */,
			);
			buildRules = (
			);
			dependencies = (
			);
			name = "Play Time";
			productName = "Play Time";
			productReference = B6376DC523E97DE50033C48D /* Play Time.app */;
			productType = "com.apple.product-type.application";
		};
		B6376DDA23E97DE60033C48D /* Play TimeTests */ = {
			isa = PBXNativeTarget;
			buildConfigurationList = B6376DE723E97DE60033C48D /* Build configuration list for PBXNativeTarget "Play TimeTests" */;
			buildPhases = (
				C5CBD542FD9EBB8A20476A26 /* [CP] Check Pods Manifest.lock */,
				B6376DD723E97DE60033C48D /* Sources */,
				B6376DD823E97DE60033C48D /* Frameworks */,
				B6376DD923E97DE60033C48D /* Resources */,
			);
			buildRules = (
			);
			dependencies = (
				B6376DDD23E97DE60033C48D /* PBXTargetDependency */,
			);
			name = "Play TimeTests";
			productName = "Play TimeTests";
			productReference = B6376DDB23E97DE60033C48D /* Play TimeTests.xctest */;
			productType = "com.apple.product-type.bundle.unit-test";
		};
		B672CEA9241EA0E300955BF6 /* PlayTimeUITests */ = {
			isa = PBXNativeTarget;
			buildConfigurationList = B672CEB1241EA0E300955BF6 /* Build configuration list for PBXNativeTarget "PlayTimeUITests" */;
			buildPhases = (
				B672CEA6241EA0E300955BF6 /* Sources */,
				B672CEA7241EA0E300955BF6 /* Frameworks */,
				B672CEA8241EA0E300955BF6 /* Resources */,
			);
			buildRules = (
			);
			dependencies = (
				B672CEB0241EA0E300955BF6 /* PBXTargetDependency */,
			);
			name = PlayTimeUITests;
			productName = PlayTimeUITests;
			productReference = B672CEAA241EA0E300955BF6 /* PlayTimeUITests.xctest */;
			productType = "com.apple.product-type.bundle.ui-testing";
		};
/* End PBXNativeTarget section */

/* Begin PBXProject section */
		B6376DBD23E97DE50033C48D /* Project object */ = {
			isa = PBXProject;
			attributes = {
				LastSwiftUpdateCheck = 1130;
				LastUpgradeCheck = 1130;
				ORGANIZATIONNAME = "Brandon Gouws";
				TargetAttributes = {
					B6376DC423E97DE50033C48D = {
						CreatedOnToolsVersion = 11.3.1;
					};
					B6376DDA23E97DE60033C48D = {
						CreatedOnToolsVersion = 11.3.1;
						TestTargetID = B6376DC423E97DE50033C48D;
					};
					B672CEA9241EA0E300955BF6 = {
						CreatedOnToolsVersion = 11.3.1;
						TestTargetID = B6376DC423E97DE50033C48D;
					};
				};
			};
			buildConfigurationList = B6376DC023E97DE50033C48D /* Build configuration list for PBXProject "Play Time" */;
			compatibilityVersion = "Xcode 9.3";
			developmentRegion = en;
			hasScannedForEncodings = 0;
			knownRegions = (
				en,
				Base,
			);
			mainGroup = B6376DBC23E97DE50033C48D;
			productRefGroup = B6376DC623E97DE50033C48D /* Products */;
			projectDirPath = "";
			projectRoot = "";
			targets = (
				B6376DC423E97DE50033C48D /* Play Time */,
				B6376DDA23E97DE60033C48D /* Play TimeTests */,
				B672CEA9241EA0E300955BF6 /* PlayTimeUITests */,
			);
		};
/* End PBXProject section */

/* Begin PBXResourcesBuildPhase section */
		B6376DC323E97DE50033C48D /* Resources */ = {
			isa = PBXResourcesBuildPhase;
			buildActionMask = 2147483647;
			files = (
				B6376DD523E97DE50033C48D /* LaunchScreen.storyboard in Resources */,
				B6E9A7842407D103002C6A9D /* GoogleService-Info.plist in Resources */,
				B6376DD223E97DE50033C48D /* Assets.xcassets in Resources */,
				B6376DD023E97DE50033C48D /* Main.storyboard in Resources */,
			);
			runOnlyForDeploymentPostprocessing = 0;
		};
		B6376DD923E97DE60033C48D /* Resources */ = {
			isa = PBXResourcesBuildPhase;
			buildActionMask = 2147483647;
			files = (
			);
			runOnlyForDeploymentPostprocessing = 0;
		};
		B672CEA8241EA0E300955BF6 /* Resources */ = {
			isa = PBXResourcesBuildPhase;
			buildActionMask = 2147483647;
			files = (
			);
			runOnlyForDeploymentPostprocessing = 0;
		};
/* End PBXResourcesBuildPhase section */

/* Begin PBXShellScriptBuildPhase section */
		B676DBA123F3D9DC00493E2E /* ShellScript */ = {
			isa = PBXShellScriptBuildPhase;
			buildActionMask = 2147483647;
			files = (
			);
			inputFileListPaths = (
			);
			inputPaths = (
			);
			outputFileListPaths = (
			);
			outputPaths = (
			);
			runOnlyForDeploymentPostprocessing = 0;
			shellPath = /bin/sh;
			shellScript = "# Type a script or drag a script file from your workspace to insert its path.\nif which swiftlint >/dev/null; then\n  swiftlint\nelse\n  echo \"warning: SwiftLint not installed, download from https://github.com/realm/SwiftLint\"\nfi\n";
		};
		BBFBE4CC4D259CF8ECD644B0 /* [CP] Check Pods Manifest.lock */ = {
			isa = PBXShellScriptBuildPhase;
			buildActionMask = 2147483647;
			files = (
			);
			inputFileListPaths = (
			);
			inputPaths = (
				"${PODS_PODFILE_DIR_PATH}/Podfile.lock",
				"${PODS_ROOT}/Manifest.lock",
			);
			name = "[CP] Check Pods Manifest.lock";
			outputFileListPaths = (
			);
			outputPaths = (
				"$(DERIVED_FILE_DIR)/Pods-Play Time-checkManifestLockResult.txt",
			);
			runOnlyForDeploymentPostprocessing = 0;
			shellPath = /bin/sh;
			shellScript = "diff \"${PODS_PODFILE_DIR_PATH}/Podfile.lock\" \"${PODS_ROOT}/Manifest.lock\" > /dev/null\nif [ $? != 0 ] ; then\n    # print error to STDERR\n    echo \"error: The sandbox is not in sync with the Podfile.lock. Run 'pod install' or update your CocoaPods installation.\" >&2\n    exit 1\nfi\n# This output is used by Xcode 'outputs' to avoid re-running this script phase.\necho \"SUCCESS\" > \"${SCRIPT_OUTPUT_FILE_0}\"\n";
			showEnvVarsInLog = 0;
		};
		C5CBD542FD9EBB8A20476A26 /* [CP] Check Pods Manifest.lock */ = {
			isa = PBXShellScriptBuildPhase;
			buildActionMask = 2147483647;
			files = (
			);
			inputFileListPaths = (
			);
			inputPaths = (
				"${PODS_PODFILE_DIR_PATH}/Podfile.lock",
				"${PODS_ROOT}/Manifest.lock",
			);
			name = "[CP] Check Pods Manifest.lock";
			outputFileListPaths = (
			);
			outputPaths = (
				"$(DERIVED_FILE_DIR)/Pods-Play TimeTests-checkManifestLockResult.txt",
			);
			runOnlyForDeploymentPostprocessing = 0;
			shellPath = /bin/sh;
			shellScript = "diff \"${PODS_PODFILE_DIR_PATH}/Podfile.lock\" \"${PODS_ROOT}/Manifest.lock\" > /dev/null\nif [ $? != 0 ] ; then\n    # print error to STDERR\n    echo \"error: The sandbox is not in sync with the Podfile.lock. Run 'pod install' or update your CocoaPods installation.\" >&2\n    exit 1\nfi\n# This output is used by Xcode 'outputs' to avoid re-running this script phase.\necho \"SUCCESS\" > \"${SCRIPT_OUTPUT_FILE_0}\"\n";
			showEnvVarsInLog = 0;
		};
/* End PBXShellScriptBuildPhase section */

/* Begin PBXSourcesBuildPhase section */
		B6376DC123E97DE50033C48D /* Sources */ = {
			isa = PBXSourcesBuildPhase;
			buildActionMask = 2147483647;
			files = (
				B6A0260323F4179800678393 /* ToDoViewController.swift in Sources */,
				B602D7E223FBF5FC006AD3C3 /* TableViewCell.swift in Sources */,
				B6AA86A5242A176000B03788 /* LoginView.swift in Sources */,
				B602D7E623FBF8CF006AD3C3 /* TaskListViewController.swift in Sources */,
				B664DA0323EAE6BA0064D455 /* UITextFieldExtension.swift in Sources */,
				B6376DCD23E97DE50033C48D /* ViewController.swift in Sources */,
				B601506F23F9CE7600ECB4E2 /* MusicTasteViewController.swift in Sources */,
				B662BC192427C750001DAB07 /* UIViewExtension.swift in Sources */,
				B6C9555023EAA2B20096213B /* SignViewController.swift in Sources */,
				B6C9554A23EA87700096213B /* UIButtonExtension.swift in Sources */,
				B6376DC923E97DE50033C48D /* AppDelegate.swift in Sources */,
				B6376DCB23E97DE50033C48D /* SceneDelegate.swift in Sources */,
				B613C88E242B259300F4FE60 /* SignUpView.swift in Sources */,
				B68913932430F801009FB23D /* AddTaskView.swift in Sources */,
				B662BC1B2427CF26001DAB07 /* UIImageViewExtension.swift in Sources */,
				B610A0F323FBD14E00A50268 /* CurrentTaskViewController.swift in Sources */,
				B6AA86A7242A253A00B03788 /* KeyBoardExtension.swift in Sources */,
			);
			runOnlyForDeploymentPostprocessing = 0;
		};
		B6376DD723E97DE60033C48D /* Sources */ = {
			isa = PBXSourcesBuildPhase;
			buildActionMask = 2147483647;
			files = (
				B60C6E93241609BC0052F41B /* PlayMusicTest.swift in Sources */,
				B65F20AF2421FC600079A07E /* TaskUnitTest.swift in Sources */,
				B60C6E9524160AE90052F41B /* TimerTest.swift in Sources */,
				B681C8CC24110CC000324034 /* AccountManagement.swift in Sources */,
				B65BBA062414D50D0052AD6F /* TasteSelectionTest.swift in Sources */,
				B6376DE023E97DE60033C48D /* ValidationTest.swift in Sources */,
				B60C6E91241556AD0052F41B /* AccountManagementMock.swift in Sources */,
			);
			runOnlyForDeploymentPostprocessing = 0;
		};
		B672CEA6241EA0E300955BF6 /* Sources */ = {
			isa = PBXSourcesBuildPhase;
			buildActionMask = 2147483647;
			files = (
				B66866D22420A3EB004A7E99 /* CurrentTaskScreenUITest.swift in Sources */,
				B66866D42420D876004A7E99 /* MusicTasteScreenUITest.swift in Sources */,
				B672CEAD241EA0E300955BF6 /* PlayTimeUITests.swift in Sources */,
				B672CEB6241F44F400955BF6 /* ToDoScreenUITest.swift in Sources */,
			);
			runOnlyForDeploymentPostprocessing = 0;
		};
/* End PBXSourcesBuildPhase section */

/* Begin PBXTargetDependency section */
		B6376DDD23E97DE60033C48D /* PBXTargetDependency */ = {
			isa = PBXTargetDependency;
			target = B6376DC423E97DE50033C48D /* Play Time */;
			targetProxy = B6376DDC23E97DE60033C48D /* PBXContainerItemProxy */;
		};
		B672CEB0241EA0E300955BF6 /* PBXTargetDependency */ = {
			isa = PBXTargetDependency;
			target = B6376DC423E97DE50033C48D /* Play Time */;
			targetProxy = B672CEAF241EA0E300955BF6 /* PBXContainerItemProxy */;
		};
/* End PBXTargetDependency section */

/* Begin PBXVariantGroup section */
		B6376DCE23E97DE50033C48D /* Main.storyboard */ = {
			isa = PBXVariantGroup;
			children = (
				B6376DCF23E97DE50033C48D /* Base */,
			);
			name = Main.storyboard;
			sourceTree = "<group>";
		};
		B6376DD323E97DE50033C48D /* LaunchScreen.storyboard */ = {
			isa = PBXVariantGroup;
			children = (
				B6376DD423E97DE50033C48D /* Base */,
			);
			name = LaunchScreen.storyboard;
			sourceTree = "<group>";
		};
/* End PBXVariantGroup section */

/* Begin XCBuildConfiguration section */
		B6376DE223E97DE60033C48D /* Debug */ = {
			isa = XCBuildConfiguration;
			buildSettings = {
				ALWAYS_SEARCH_USER_PATHS = NO;
				CLANG_ANALYZER_NONNULL = YES;
				CLANG_ANALYZER_NUMBER_OBJECT_CONVERSION = YES_AGGRESSIVE;
				CLANG_CXX_LANGUAGE_STANDARD = "gnu++14";
				CLANG_CXX_LIBRARY = "libc++";
				CLANG_ENABLE_MODULES = YES;
				CLANG_ENABLE_OBJC_ARC = YES;
				CLANG_ENABLE_OBJC_WEAK = YES;
				CLANG_WARN_BLOCK_CAPTURE_AUTORELEASING = YES;
				CLANG_WARN_BOOL_CONVERSION = YES;
				CLANG_WARN_COMMA = YES;
				CLANG_WARN_CONSTANT_CONVERSION = YES;
				CLANG_WARN_DEPRECATED_OBJC_IMPLEMENTATIONS = YES;
				CLANG_WARN_DIRECT_OBJC_ISA_USAGE = YES_ERROR;
				CLANG_WARN_DOCUMENTATION_COMMENTS = YES;
				CLANG_WARN_EMPTY_BODY = YES;
				CLANG_WARN_ENUM_CONVERSION = YES;
				CLANG_WARN_INFINITE_RECURSION = YES;
				CLANG_WARN_INT_CONVERSION = YES;
				CLANG_WARN_NON_LITERAL_NULL_CONVERSION = YES;
				CLANG_WARN_OBJC_IMPLICIT_RETAIN_SELF = YES;
				CLANG_WARN_OBJC_LITERAL_CONVERSION = YES;
				CLANG_WARN_OBJC_ROOT_CLASS = YES_ERROR;
				CLANG_WARN_RANGE_LOOP_ANALYSIS = YES;
				CLANG_WARN_STRICT_PROTOTYPES = YES;
				CLANG_WARN_SUSPICIOUS_MOVE = YES;
				CLANG_WARN_UNGUARDED_AVAILABILITY = YES_AGGRESSIVE;
				CLANG_WARN_UNREACHABLE_CODE = YES;
				CLANG_WARN__DUPLICATE_METHOD_MATCH = YES;
				COPY_PHASE_STRIP = NO;
				DEBUG_INFORMATION_FORMAT = dwarf;
				ENABLE_STRICT_OBJC_MSGSEND = YES;
				ENABLE_TESTABILITY = YES;
				GCC_C_LANGUAGE_STANDARD = gnu11;
				GCC_DYNAMIC_NO_PIC = NO;
				GCC_NO_COMMON_BLOCKS = YES;
				GCC_OPTIMIZATION_LEVEL = 0;
				GCC_PREPROCESSOR_DEFINITIONS = (
					"DEBUG=1",
					"$(inherited)",
				);
				GCC_WARN_64_TO_32_BIT_CONVERSION = YES;
				GCC_WARN_ABOUT_RETURN_TYPE = YES_ERROR;
				GCC_WARN_UNDECLARED_SELECTOR = YES;
				GCC_WARN_UNINITIALIZED_AUTOS = YES_AGGRESSIVE;
				GCC_WARN_UNUSED_FUNCTION = YES;
				GCC_WARN_UNUSED_VARIABLE = YES;
				IPHONEOS_DEPLOYMENT_TARGET = 13.2;
				MTL_ENABLE_DEBUG_INFO = INCLUDE_SOURCE;
				MTL_FAST_MATH = YES;
				ONLY_ACTIVE_ARCH = YES;
				SDKROOT = iphoneos;
				SWIFT_ACTIVE_COMPILATION_CONDITIONS = DEBUG;
				SWIFT_OPTIMIZATION_LEVEL = "-Onone";
			};
			name = Debug;
		};
		B6376DE323E97DE60033C48D /* Release */ = {
			isa = XCBuildConfiguration;
			buildSettings = {
				ALWAYS_SEARCH_USER_PATHS = NO;
				CLANG_ANALYZER_NONNULL = YES;
				CLANG_ANALYZER_NUMBER_OBJECT_CONVERSION = YES_AGGRESSIVE;
				CLANG_CXX_LANGUAGE_STANDARD = "gnu++14";
				CLANG_CXX_LIBRARY = "libc++";
				CLANG_ENABLE_MODULES = YES;
				CLANG_ENABLE_OBJC_ARC = YES;
				CLANG_ENABLE_OBJC_WEAK = YES;
				CLANG_WARN_BLOCK_CAPTURE_AUTORELEASING = YES;
				CLANG_WARN_BOOL_CONVERSION = YES;
				CLANG_WARN_COMMA = YES;
				CLANG_WARN_CONSTANT_CONVERSION = YES;
				CLANG_WARN_DEPRECATED_OBJC_IMPLEMENTATIONS = YES;
				CLANG_WARN_DIRECT_OBJC_ISA_USAGE = YES_ERROR;
				CLANG_WARN_DOCUMENTATION_COMMENTS = YES;
				CLANG_WARN_EMPTY_BODY = YES;
				CLANG_WARN_ENUM_CONVERSION = YES;
				CLANG_WARN_INFINITE_RECURSION = YES;
				CLANG_WARN_INT_CONVERSION = YES;
				CLANG_WARN_NON_LITERAL_NULL_CONVERSION = YES;
				CLANG_WARN_OBJC_IMPLICIT_RETAIN_SELF = YES;
				CLANG_WARN_OBJC_LITERAL_CONVERSION = YES;
				CLANG_WARN_OBJC_ROOT_CLASS = YES_ERROR;
				CLANG_WARN_RANGE_LOOP_ANALYSIS = YES;
				CLANG_WARN_STRICT_PROTOTYPES = YES;
				CLANG_WARN_SUSPICIOUS_MOVE = YES;
				CLANG_WARN_UNGUARDED_AVAILABILITY = YES_AGGRESSIVE;
				CLANG_WARN_UNREACHABLE_CODE = YES;
				CLANG_WARN__DUPLICATE_METHOD_MATCH = YES;
				COPY_PHASE_STRIP = NO;
				DEBUG_INFORMATION_FORMAT = "dwarf-with-dsym";
				ENABLE_NS_ASSERTIONS = NO;
				ENABLE_STRICT_OBJC_MSGSEND = YES;
				GCC_C_LANGUAGE_STANDARD = gnu11;
				GCC_NO_COMMON_BLOCKS = YES;
				GCC_WARN_64_TO_32_BIT_CONVERSION = YES;
				GCC_WARN_ABOUT_RETURN_TYPE = YES_ERROR;
				GCC_WARN_UNDECLARED_SELECTOR = YES;
				GCC_WARN_UNINITIALIZED_AUTOS = YES_AGGRESSIVE;
				GCC_WARN_UNUSED_FUNCTION = YES;
				GCC_WARN_UNUSED_VARIABLE = YES;
				IPHONEOS_DEPLOYMENT_TARGET = 13.2;
				MTL_ENABLE_DEBUG_INFO = NO;
				MTL_FAST_MATH = YES;
				SDKROOT = iphoneos;
				SWIFT_COMPILATION_MODE = wholemodule;
				SWIFT_OPTIMIZATION_LEVEL = "-O";
				VALIDATE_PRODUCT = YES;
			};
			name = Release;
		};
		B6376DE523E97DE60033C48D /* Debug */ = {
			isa = XCBuildConfiguration;
			baseConfigurationReference = 789FC8C72ECD963F64C2EE32 /* Pods-Play Time.debug.xcconfig */;
			buildSettings = {
				ASSETCATALOG_COMPILER_APPICON_NAME = AppIcon;
				CODE_SIGN_STYLE = Automatic;
				DEVELOPMENT_TEAM = GLK7J5PP82;
				INFOPLIST_FILE = "Play Time/Info.plist";
				LD_RUNPATH_SEARCH_PATHS = (
					"$(inherited)",
					"@executable_path/Frameworks",
				);
				PRODUCT_BUNDLE_IDENTIFIER = "za.co.dvt.Play-Time";
				PRODUCT_NAME = "$(TARGET_NAME)";
				SWIFT_VERSION = 5.0;
				TARGETED_DEVICE_FAMILY = "1,2";
			};
			name = Debug;
		};
		B6376DE623E97DE60033C48D /* Release */ = {
			isa = XCBuildConfiguration;
			baseConfigurationReference = 46336A59F201E6984DDD26C1 /* Pods-Play Time.release.xcconfig */;
			buildSettings = {
				ASSETCATALOG_COMPILER_APPICON_NAME = AppIcon;
				CODE_SIGN_STYLE = Automatic;
				DEVELOPMENT_TEAM = GLK7J5PP82;
				INFOPLIST_FILE = "Play Time/Info.plist";
				LD_RUNPATH_SEARCH_PATHS = (
					"$(inherited)",
					"@executable_path/Frameworks",
				);
				PRODUCT_BUNDLE_IDENTIFIER = "za.co.dvt.Play-Time";
				PRODUCT_NAME = "$(TARGET_NAME)";
				SWIFT_VERSION = 5.0;
				TARGETED_DEVICE_FAMILY = "1,2";
			};
			name = Release;
		};
		B6376DE823E97DE60033C48D /* Debug */ = {
			isa = XCBuildConfiguration;
			baseConfigurationReference = D776A3E5DB862B0DBEA6C720 /* Pods-Play TimeTests.debug.xcconfig */;
			buildSettings = {
				ALWAYS_EMBED_SWIFT_STANDARD_LIBRARIES = YES;
				BUNDLE_LOADER = "$(TEST_HOST)";
				CODE_SIGN_STYLE = Automatic;
				DEVELOPMENT_TEAM = GLK7J5PP82;
				INFOPLIST_FILE = "Play TimeTests/Info.plist";
				IPHONEOS_DEPLOYMENT_TARGET = 13.2;
				LD_RUNPATH_SEARCH_PATHS = (
					"$(inherited)",
					"@executable_path/Frameworks",
					"@loader_path/Frameworks",
				);
				PRODUCT_BUNDLE_IDENTIFIER = "za.co.dvt.Play-TimeTests";
				PRODUCT_NAME = "$(TARGET_NAME)";
				SWIFT_VERSION = 5.0;
				TARGETED_DEVICE_FAMILY = "1,2";
				TEST_HOST = "$(BUILT_PRODUCTS_DIR)/Play Time.app/Play Time";
			};
			name = Debug;
		};
		B6376DE923E97DE60033C48D /* Release */ = {
			isa = XCBuildConfiguration;
			baseConfigurationReference = 7B3FAD244DC6C582D673F3FB /* Pods-Play TimeTests.release.xcconfig */;
			buildSettings = {
				ALWAYS_EMBED_SWIFT_STANDARD_LIBRARIES = YES;
				BUNDLE_LOADER = "$(TEST_HOST)";
				CODE_SIGN_STYLE = Automatic;
				DEVELOPMENT_TEAM = GLK7J5PP82;
				INFOPLIST_FILE = "Play TimeTests/Info.plist";
				IPHONEOS_DEPLOYMENT_TARGET = 13.2;
				LD_RUNPATH_SEARCH_PATHS = (
					"$(inherited)",
					"@executable_path/Frameworks",
					"@loader_path/Frameworks",
				);
				PRODUCT_BUNDLE_IDENTIFIER = "za.co.dvt.Play-TimeTests";
				PRODUCT_NAME = "$(TARGET_NAME)";
				SWIFT_VERSION = 5.0;
				TARGETED_DEVICE_FAMILY = "1,2";
				TEST_HOST = "$(BUILT_PRODUCTS_DIR)/Play Time.app/Play Time";
			};
			name = Release;
		};
		B672CEB2241EA0E300955BF6 /* Debug */ = {
			isa = XCBuildConfiguration;
			buildSettings = {
				CODE_SIGN_STYLE = Automatic;
				DEVELOPMENT_TEAM = GLK7J5PP82;
				INFOPLIST_FILE = PlayTimeUITests/Info.plist;
				LD_RUNPATH_SEARCH_PATHS = (
					"$(inherited)",
					"@executable_path/Frameworks",
					"@loader_path/Frameworks",
				);
				PRODUCT_BUNDLE_IDENTIFIER = za.co.dvt.PlayTimeUITests;
				PRODUCT_NAME = "$(TARGET_NAME)";
				SWIFT_VERSION = 5.0;
				TARGETED_DEVICE_FAMILY = "1,2";
				TEST_TARGET_NAME = "Play Time";
			};
			name = Debug;
		};
		B672CEB3241EA0E300955BF6 /* Release */ = {
			isa = XCBuildConfiguration;
			buildSettings = {
				CODE_SIGN_STYLE = Automatic;
				DEVELOPMENT_TEAM = GLK7J5PP82;
				INFOPLIST_FILE = PlayTimeUITests/Info.plist;
				LD_RUNPATH_SEARCH_PATHS = (
					"$(inherited)",
					"@executable_path/Frameworks",
					"@loader_path/Frameworks",
				);
				PRODUCT_BUNDLE_IDENTIFIER = za.co.dvt.PlayTimeUITests;
				PRODUCT_NAME = "$(TARGET_NAME)";
				SWIFT_VERSION = 5.0;
				TARGETED_DEVICE_FAMILY = "1,2";
				TEST_TARGET_NAME = "Play Time";
			};
			name = Release;
		};
/* End XCBuildConfiguration section */

/* Begin XCConfigurationList section */
		B6376DC023E97DE50033C48D /* Build configuration list for PBXProject "Play Time" */ = {
			isa = XCConfigurationList;
			buildConfigurations = (
				B6376DE223E97DE60033C48D /* Debug */,
				B6376DE323E97DE60033C48D /* Release */,
			);
			defaultConfigurationIsVisible = 0;
			defaultConfigurationName = Release;
		};
		B6376DE423E97DE60033C48D /* Build configuration list for PBXNativeTarget "Play Time" */ = {
			isa = XCConfigurationList;
			buildConfigurations = (
				B6376DE523E97DE60033C48D /* Debug */,
				B6376DE623E97DE60033C48D /* Release */,
			);
			defaultConfigurationIsVisible = 0;
			defaultConfigurationName = Release;
		};
		B6376DE723E97DE60033C48D /* Build configuration list for PBXNativeTarget "Play TimeTests" */ = {
			isa = XCConfigurationList;
			buildConfigurations = (
				B6376DE823E97DE60033C48D /* Debug */,
				B6376DE923E97DE60033C48D /* Release */,
			);
			defaultConfigurationIsVisible = 0;
			defaultConfigurationName = Release;
		};
		B672CEB1241EA0E300955BF6 /* Build configuration list for PBXNativeTarget "PlayTimeUITests" */ = {
			isa = XCConfigurationList;
			buildConfigurations = (
				B672CEB2241EA0E300955BF6 /* Debug */,
				B672CEB3241EA0E300955BF6 /* Release */,
			);
			defaultConfigurationIsVisible = 0;
			defaultConfigurationName = Release;
		};
/* End XCConfigurationList section */
	};
	rootObject = B6376DBD23E97DE50033C48D /* Project object */;
}
